<Solution>
  <Project Path="ScreenSound.Shared.Dados/ScreenSound.Shared.Dados.csproj" Id="066dce81-4822-41c1-8aee-67c2cffd4a30" />
  <Project Path="ScreenSound.Shared.Modelos/ScreenSound.Shared.Modelos.csproj" />
  <Project Path="ScreenSound/ScreenSound.csproj" />
  <Project Path="ScreenSoundAPI/ScreenSound.API.csproj" />
</Solution>
